
Microsoft Visual Studio Solution File, Format Version 12.00
# Visual Studio Version 17
VisualStudioVersion = 17.7.34024.191
MinimumVisualStudioVersion = 10.0.40219.1
Project("{FAE04EC0-301F-11D3-BF4B-00C04F79EFBC}") = "FinancialAccounting", "БДЗ1\FinancialAccounting.csproj", "{A517AAC9-C20B-421B-A1CE-AC34EA6F3E0F}"
EndProject
Global
	GlobalSection(SolutionConfigurationPlatforms) = preSolution
		Debug|Any CPU = Debug|Any CPU
		Release|Any CPU = Release|Any CPU
	EndGlobalSection
	GlobalSection(ProjectConfigurationPlatforms) = postSolution
		{A517AAC9-C20B-421B-A1CE-AC34EA6F3E0F}.Debug|Any CPU.ActiveCfg = Debug|Any CPU
		{A517AAC9-C20B-421B-A1CE-AC34EA6F3E0F}.Debug|Any CPU.Build.0 = Debug|Any CPU
		{A517AAC9-C20B-421B-A1CE-AC34EA6F3E0F}.Release|Any CPU.ActiveCfg = Release|Any CPU
		{A517AAC9-C20B-421B-A1CE-AC34EA6F3E0F}.Release|Any CPU.Build.0 = Release|Any CPU
	EndGlobalSection
	GlobalSection(SolutionProperties) = preSolution
		HideSolutionNode = FALSE
	EndGlobalSection
	GlobalSection(ExtensibilityGlobals) = postSolution
		SolutionGuid = {D9FF88F2-F170-42DD-B6D0-89E53F9953FD}
	EndGlobalSection
EndGlobal
